
Microsoft Visual Studio Solution File, Format Version 12.00
# Visual Studio Version 16
VisualStudioVersion = 16.0.29102.190
MinimumVisualStudioVersion = 10.0.40219.1
Project("{9A19103F-16F7-4668-BE54-9A1E7A4F7556}") = "QMS.Web", "src\QMS.Web\QMS.Web.csproj", "{A5156F62-FD3B-4584-A129-4969716D6B83}"
EndProject
Global
	GlobalSection(SolutionConfigurationPlatforms) = preSolution
		Debug|Any CPU = Debug|Any CPU
		Release|Any CPU = Release|Any CPU
	EndGlobalSection
	GlobalSection(ProjectConfigurationPlatforms) = postSolution
		{A5156F62-FD3B-4584-A129-4969716D6B83}.Debug|Any CPU.ActiveCfg = Debug|Any CPU
		{A5156F62-FD3B-4584-A129-4969716D6B83}.Debug|Any CPU.Build.0 = Debug|Any CPU
		{A5156F62-FD3B-4584-A129-4969716D6B83}.Release|Any CPU.ActiveCfg = Release|Any CPU
		{A5156F62-FD3B-4584-A129-4969716D6B83}.Release|Any CPU.Build.0 = Release|Any CPU
	EndGlobalSection
	GlobalSection(SolutionProperties) = preSolution
		HideSolutionNode = FALSE
	EndGlobalSection
	GlobalSection(ExtensibilityGlobals) = postSolution
		SolutionGuid = {0FA8DACF-68AA-4284-8D97-7B747732AC7C}
	EndGlobalSection
EndGlobal
